// !$*UTF8*$!
{
	archiveVersion = 1;
	classes = {
	};
	objectVersion = 46;
	objects = {

/* Begin PBXBuildFile section */
		229B85531BF7643A002243D9 /* AppDelegate.swift in Sources */ = {isa = PBXBuildFile; fileRef = 229B85501BF7643A002243D9 /* AppDelegate.swift */; };
		229B85541BF7643A002243D9 /* CurrentLocationVC.swift in Sources */ = {isa = PBXBuildFile; fileRef = 229B85511BF7643A002243D9 /* CurrentLocationVC.swift */; };
		229B855A1BF764AE002243D9 /* Assets.xcassets in Resources */ = {isa = PBXBuildFile; fileRef = 229B85571BF764AE002243D9 /* Assets.xcassets */; };
		229B855B1BF764AE002243D9 /* LaunchScreen.storyboard in Resources */ = {isa = PBXBuildFile; fileRef = 229B85581BF764AE002243D9 /* LaunchScreen.storyboard */; };
		229B855C1BF764AE002243D9 /* Main.storyboard in Resources */ = {isa = PBXBuildFile; fileRef = 229B85591BF764AE002243D9 /* Main.storyboard */; };
		22AA29781BF9BD6300CB2C8A /* LocaitonDetailsVC.swift in Sources */ = {isa = PBXBuildFile; fileRef = 22AA29771BF9BD6300CB2C8A /* LocaitonDetailsVC.swift */; };
		22AA297A1BFA076100CB2C8A /* CategoryPickerVC.swift in Sources */ = {isa = PBXBuildFile; fileRef = 22AA29791BFA076100CB2C8A /* CategoryPickerVC.swift */; };
		22AA29881BFB4E4A00CB2C8A /* HudView.swift in Sources */ = {isa = PBXBuildFile; fileRef = 22AA29871BFB4E4900CB2C8A /* HudView.swift */; };
		22AA298A1BFC107300CB2C8A /* Functions.swift in Sources */ = {isa = PBXBuildFile; fileRef = 22AA29891BFC107300CB2C8A /* Functions.swift */; };
		22AA29901BFCB8C300CB2C8A /* DataModel.xcdatamodeld in Sources */ = {isa = PBXBuildFile; fileRef = 22AA298E1BFCB8C300CB2C8A /* DataModel.xcdatamodeld */; };
		22AA29931BFD558A00CB2C8A /* Location+CoreDataProperties.swift in Sources */ = {isa = PBXBuildFile; fileRef = 22AA29911BFD558A00CB2C8A /* Location+CoreDataProperties.swift */; };
		22AA29941BFD558A00CB2C8A /* Location.swift in Sources */ = {isa = PBXBuildFile; fileRef = 22AA29921BFD558A00CB2C8A /* Location.swift */; };
		22AA63E51C31683600F51A0C /* UIImage+Resize.swift in Sources */ = {isa = PBXBuildFile; fileRef = 22AA63E41C31683600F51A0C /* UIImage+Resize.swift */; };
		22AA63E71C3234B800F51A0C /* String+AddText.swift in Sources */ = {isa = PBXBuildFile; fileRef = 22AA63E61C3234B800F51A0C /* String+AddText.swift */; };
		22C882021C1EC963004E19F2 /* LocationsViewController.swift in Sources */ = {isa = PBXBuildFile; fileRef = 22C882011C1EC963004E19F2 /* LocationsViewController.swift */; };
		22C882081C20F703004E19F2 /* LocationCell.swift in Sources */ = {isa = PBXBuildFile; fileRef = 22C882071C20F703004E19F2 /* LocationCell.swift */; };
		22C882471C279501004E19F2 /* MapKit.framework in Frameworks */ = {isa = PBXBuildFile; fileRef = 22C882461C279501004E19F2 /* MapKit.framework */; };
		22C882491C2795C4004E19F2 /* MapVC.swift in Sources */ = {isa = PBXBuildFile; fileRef = 22C882481C2795C4004E19F2 /* MapVC.swift */; };
		22E6FC361C0047860095479F /* UIColor+Helper.m in Sources */ = {isa = PBXBuildFile; fileRef = 22E6FC351C0047860095479F /* UIColor+Helper.m */; };
/* End PBXBuildFile section */

/* Begin PBXFileReference section */
		229B85381BF75CB4002243D9 /* MyLocations.app */ = {isa = PBXFileReference; explicitFileType = wrapper.application; includeInIndex = 0; path = MyLocations.app; sourceTree = BUILT_PRODUCTS_DIR; };
		229B85501BF7643A002243D9 /* AppDelegate.swift */ = {isa = PBXFileReference; fileEncoding = 4; lastKnownFileType = sourcecode.swift; path = AppDelegate.swift; sourceTree = "<group>"; };
		229B85511BF7643A002243D9 /* CurrentLocationVC.swift */ = {isa = PBXFileReference; fileEncoding = 4; lastKnownFileType = sourcecode.swift; path = CurrentLocationVC.swift; sourceTree = "<group>"; };
		229B85571BF764AE002243D9 /* Assets.xcassets */ = {isa = PBXFileReference; lastKnownFileType = folder.assetcatalog; path = Assets.xcassets; sourceTree = "<group>"; };
		229B85581BF764AE002243D9 /* LaunchScreen.storyboard */ = {isa = PBXFileReference; fileEncoding = 4; lastKnownFileType = file.storyboard; path = LaunchScreen.storyboard; sourceTree = "<group>"; };
		229B85591BF764AE002243D9 /* Main.storyboard */ = {isa = PBXFileReference; fileEncoding = 4; lastKnownFileType = file.storyboard; path = Main.storyboard; sourceTree = "<group>"; };
		229B855E1BF764BC002243D9 /* Info.plist */ = {isa = PBXFileReference; fileEncoding = 4; lastKnownFileType = text.plist.xml; path = Info.plist; sourceTree = "<group>"; };
		22AA29771BF9BD6300CB2C8A /* LocaitonDetailsVC.swift */ = {isa = PBXFileReference; fileEncoding = 4; lastKnownFileType = sourcecode.swift; path = LocaitonDetailsVC.swift; sourceTree = "<group>"; };
		22AA29791BFA076100CB2C8A /* CategoryPickerVC.swift */ = {isa = PBXFileReference; fileEncoding = 4; lastKnownFileType = sourcecode.swift; path = CategoryPickerVC.swift; sourceTree = "<group>"; };
		22AA29871BFB4E4900CB2C8A /* HudView.swift */ = {isa = PBXFileReference; fileEncoding = 4; lastKnownFileType = sourcecode.swift; path = HudView.swift; sourceTree = "<group>"; };
		22AA29891BFC107300CB2C8A /* Functions.swift */ = {isa = PBXFileReference; fileEncoding = 4; lastKnownFileType = sourcecode.swift; path = Functions.swift; sourceTree = "<group>"; };
		22AA298F1BFCB8C300CB2C8A /* DataModel.xcdatamodel */ = {isa = PBXFileReference; lastKnownFileType = wrapper.xcdatamodel; path = DataModel.xcdatamodel; sourceTree = "<group>"; };
		22AA29911BFD558A00CB2C8A /* Location+CoreDataProperties.swift */ = {isa = PBXFileReference; fileEncoding = 4; lastKnownFileType = sourcecode.swift; path = "Location+CoreDataProperties.swift"; sourceTree = "<group>"; };
		22AA29921BFD558A00CB2C8A /* Location.swift */ = {isa = PBXFileReference; fileEncoding = 4; lastKnownFileType = sourcecode.swift; path = Location.swift; sourceTree = "<group>"; };
		22AA63E41C31683600F51A0C /* UIImage+Resize.swift */ = {isa = PBXFileReference; fileEncoding = 4; lastKnownFileType = sourcecode.swift; path = "UIImage+Resize.swift"; sourceTree = "<group>"; };
		22AA63E61C3234B800F51A0C /* String+AddText.swift */ = {isa = PBXFileReference; fileEncoding = 4; lastKnownFileType = sourcecode.swift; path = "String+AddText.swift"; sourceTree = "<group>"; };
		22C882011C1EC963004E19F2 /* LocationsViewController.swift */ = {isa = PBXFileReference; fileEncoding = 4; lastKnownFileType = sourcecode.swift; path = LocationsViewController.swift; sourceTree = "<group>"; };
		22C882071C20F703004E19F2 /* LocationCell.swift */ = {isa = PBXFileReference; fileEncoding = 4; lastKnownFileType = sourcecode.swift; path = LocationCell.swift; sourceTree = "<group>"; };
		22C882461C279501004E19F2 /* MapKit.framework */ = {isa = PBXFileReference; lastKnownFileType = wrapper.framework; name = MapKit.framework; path = System/Library/Frameworks/MapKit.framework; sourceTree = SDKROOT; };
		22C882481C2795C4004E19F2 /* MapVC.swift */ = {isa = PBXFileReference; fileEncoding = 4; lastKnownFileType = sourcecode.swift; path = MapVC.swift; sourceTree = "<group>"; };
		22E6FC331C0047860095479F /* MyLocations-Bridging-Header.h */ = {isa = PBXFileReference; lastKnownFileType = sourcecode.c.h; path = "MyLocations-Bridging-Header.h"; sourceTree = "<group>"; };
		22E6FC341C0047860095479F /* UIColor+Helper.h */ = {isa = PBXFileReference; fileEncoding = 4; lastKnownFileType = sourcecode.c.h; path = "UIColor+Helper.h"; sourceTree = "<group>"; };
		22E6FC351C0047860095479F /* UIColor+Helper.m */ = {isa = PBXFileReference; fileEncoding = 4; lastKnownFileType = sourcecode.c.objc; path = "UIColor+Helper.m"; sourceTree = "<group>"; };
/* End PBXFileReference section */

/* Begin PBXFrameworksBuildPhase section */
		229B85351BF75CB4002243D9 /* Frameworks */ = {
			isa = PBXFrameworksBuildPhase;
			buildActionMask = 2147483647;
			files = (
				22C882471C279501004E19F2 /* MapKit.framework in Frameworks */,
			);
			runOnlyForDeploymentPostprocessing = 0;
		};
/* End PBXFrameworksBuildPhase section */

/* Begin PBXGroup section */
		229B852F1BF75CB4002243D9 = {
			isa = PBXGroup;
			children = (
				22C882461C279501004E19F2 /* MapKit.framework */,
				229B853A1BF75CB4002243D9 /* MyLocations */,
				229B85391BF75CB4002243D9 /* Products */,
			);
			sourceTree = "<group>";
		};
		229B85391BF75CB4002243D9 /* Products */ = {
			isa = PBXGroup;
			children = (
				229B85381BF75CB4002243D9 /* MyLocations.app */,
			);
			name = Products;
			sourceTree = "<group>";
		};
		229B853A1BF75CB4002243D9 /* MyLocations */ = {
			isa = PBXGroup;
			children = (
				229B855D1BF764BC002243D9 /* SupportFiles */,
				229B85561BF764AE002243D9 /* Resources */,
				229B854F1BF7643A002243D9 /* Codes */,
			);
			path = MyLocations;
			sourceTree = "<group>";
		};
		229B854F1BF7643A002243D9 /* Codes */ = {
			isa = PBXGroup;
			children = (
				22AA29911BFD558A00CB2C8A /* Location+CoreDataProperties.swift */,
				22AA29921BFD558A00CB2C8A /* Location.swift */,
				229B85501BF7643A002243D9 /* AppDelegate.swift */,
				22AA29891BFC107300CB2C8A /* Functions.swift */,
				22AA29871BFB4E4900CB2C8A /* HudView.swift */,
				22E6FC341C0047860095479F /* UIColor+Helper.h */,
				22E6FC351C0047860095479F /* UIColor+Helper.m */,
				22E6FC331C0047860095479F /* MyLocations-Bridging-Header.h */,
				229B85511BF7643A002243D9 /* CurrentLocationVC.swift */,
				22AA29771BF9BD6300CB2C8A /* LocaitonDetailsVC.swift */,
				22AA29791BFA076100CB2C8A /* CategoryPickerVC.swift */,
				22C882011C1EC963004E19F2 /* LocationsViewController.swift */,
				22C882071C20F703004E19F2 /* LocationCell.swift */,
				22C882481C2795C4004E19F2 /* MapVC.swift */,
				22AA63E41C31683600F51A0C /* UIImage+Resize.swift */,
				22AA63E61C3234B800F51A0C /* String+AddText.swift */,
			);
			path = Codes;
			sourceTree = "<group>";
		};
		229B85561BF764AE002243D9 /* Resources */ = {
			isa = PBXGroup;
			children = (
				229B85571BF764AE002243D9 /* Assets.xcassets */,
				229B85581BF764AE002243D9 /* LaunchScreen.storyboard */,
				229B85591BF764AE002243D9 /* Main.storyboard */,
				22AA298E1BFCB8C300CB2C8A /* DataModel.xcdatamodeld */,
			);
			path = Resources;
			sourceTree = "<group>";
		};
		229B855D1BF764BC002243D9 /* SupportFiles */ = {
			isa = PBXGroup;
			children = (
				229B855E1BF764BC002243D9 /* Info.plist */,
			);
			path = SupportFiles;
			sourceTree = "<group>";
		};
/* End PBXGroup section */

/* Begin PBXNativeTarget section */
		229B85371BF75CB4002243D9 /* MyLocations */ = {
			isa = PBXNativeTarget;
			buildConfigurationList = 229B854C1BF75CB4002243D9 /* Build configuration list for PBXNativeTarget "MyLocations" */;
			buildPhases = (
				229B85341BF75CB4002243D9 /* Sources */,
				229B85351BF75CB4002243D9 /* Frameworks */,
				229B85361BF75CB4002243D9 /* Resources */,
			);
			buildRules = (
			);
			dependencies = (
			);
			name = MyLocations;
			productName = MyLocations;
			productReference = 229B85381BF75CB4002243D9 /* MyLocations.app */;
			productType = "com.apple.product-type.application";
		};
/* End PBXNativeTarget section */

/* Begin PBXProject section */
		229B85301BF75CB4002243D9 /* Project object */ = {
			isa = PBXProject;
			attributes = {
				LastSwiftUpdateCheck = 0710;
				LastUpgradeCheck = 0710;
				ORGANIZATIONNAME = Issac;
				TargetAttributes = {
					229B85371BF75CB4002243D9 = {
						CreatedOnToolsVersion = 7.1;
					};
				};
			};
			buildConfigurationList = 229B85331BF75CB4002243D9 /* Build configuration list for PBXProject "MyLocations" */;
			compatibilityVersion = "Xcode 3.2";
			developmentRegion = English;
			hasScannedForEncodings = 0;
			knownRegions = (
				en,
				Base,
			);
			mainGroup = 229B852F1BF75CB4002243D9;
			productRefGroup = 229B85391BF75CB4002243D9 /* Products */;
			projectDirPath = "";
			projectRoot = "";
			targets = (
				229B85371BF75CB4002243D9 /* MyLocations */,
			);
		};
/* End PBXProject section */

/* Begin PBXResourcesBuildPhase section */
		229B85361BF75CB4002243D9 /* Resources */ = {
			isa = PBXResourcesBuildPhase;
			buildActionMask = 2147483647;
			files = (
				229B855C1BF764AE002243D9 /* Main.storyboard in Resources */,
				229B855A1BF764AE002243D9 /* Assets.xcassets in Resources */,
				229B855B1BF764AE002243D9 /* LaunchScreen.storyboard in Resources */,
			);
			runOnlyForDeploymentPostprocessing = 0;
		};
/* End PBXResourcesBuildPhase section */

/* Begin PBXSourcesBuildPhase section */
		229B85341BF75CB4002243D9 /* Sources */ = {
			isa = PBXSourcesBuildPhase;
			buildActionMask = 2147483647;
			files = (
				22AA29901BFCB8C300CB2C8A /* DataModel.xcdatamodeld in Sources */,
				22AA29941BFD558A00CB2C8A /* Location.swift in Sources */,
				22C882491C2795C4004E19F2 /* MapVC.swift in Sources */,
				229B85531BF7643A002243D9 /* AppDelegate.swift in Sources */,
				22E6FC361C0047860095479F /* UIColor+Helper.m in Sources */,
				22C882081C20F703004E19F2 /* LocationCell.swift in Sources */,
				22AA29881BFB4E4A00CB2C8A /* HudView.swift in Sources */,
				22AA63E51C31683600F51A0C /* UIImage+Resize.swift in Sources */,
				22AA298A1BFC107300CB2C8A /* Functions.swift in Sources */,
				22AA29931BFD558A00CB2C8A /* Location+CoreDataProperties.swift in Sources */,
				22AA29781BF9BD6300CB2C8A /* LocaitonDetailsVC.swift in Sources */,
				229B85541BF7643A002243D9 /* CurrentLocationVC.swift in Sources */,
				22AA63E71C3234B800F51A0C /* String+AddText.swift in Sources */,
				22AA297A1BFA076100CB2C8A /* CategoryPickerVC.swift in Sources */,
				22C882021C1EC963004E19F2 /* LocationsViewController.swift in Sources */,
			);
			runOnlyForDeploymentPostprocessing = 0;
		};
/* End PBXSourcesBuildPhase section */

/* Begin XCBuildConfiguration section */
		229B854A1BF75CB4002243D9 /* Debug */ = {
			isa = XCBuildConfiguration;
			buildSettings = {
				ALWAYS_SEARCH_USER_PATHS = NO;
				CLANG_CXX_LANGUAGE_STANDARD = "gnu++0x";
				CLANG_CXX_LIBRARY = "libc++";
				CLANG_ENABLE_MODULES = YES;
				CLANG_ENABLE_OBJC_ARC = YES;
				CLANG_WARN_BOOL_CONVERSION = YES;
				CLANG_WARN_CONSTANT_CONVERSION = YES;
				CLANG_WARN_DIRECT_OBJC_ISA_USAGE = YES_ERROR;
				CLANG_WARN_EMPTY_BODY = YES;
				CLANG_WARN_ENUM_CONVERSION = YES;
				CLANG_WARN_INT_CONVERSION = YES;
				CLANG_WARN_OBJC_ROOT_CLASS = YES_ERROR;
				CLANG_WARN_UNREACHABLE_CODE = YES;
				CLANG_WARN__DUPLICATE_METHOD_MATCH = YES;
				"CODE_SIGN_IDENTITY[sdk=iphoneos*]" = "iPhone Developer";
				COPY_PHASE_STRIP = NO;
				DEBUG_INFORMATION_FORMAT = dwarf;
				ENABLE_STRICT_OBJC_MSGSEND = YES;
				ENABLE_TESTABILITY = YES;
				GCC_C_LANGUAGE_STANDARD = gnu99;
				GCC_DYNAMIC_NO_PIC = NO;
				GCC_NO_COMMON_BLOCKS = YES;
				GCC_OPTIMIZATION_LEVEL = 0;
				GCC_PREPROCESSOR_DEFINITIONS = (
					"DEBUG=1",
					"$(inherited)",
				);
				GCC_WARN_64_TO_32_BIT_CONVERSION = YES;
				GCC_WARN_ABOUT_RETURN_TYPE = YES_ERROR;
				GCC_WARN_UNDECLARED_SELECTOR = YES;
				GCC_WARN_UNINITIALIZED_AUTOS = YES_AGGRESSIVE;
				GCC_WARN_UNUSED_FUNCTION = YES;
				GCC_WARN_UNUSED_VARIABLE = YES;
				IPHONEOS_DEPLOYMENT_TARGET = 9.1;
				MTL_ENABLE_DEBUG_INFO = YES;
				ONLY_ACTIVE_ARCH = YES;
				SDKROOT = iphoneos;
				SWIFT_OPTIMIZATION_LEVEL = "-Onone";
			};
			name = Debug;
		};
		229B854B1BF75CB4002243D9 /* Release */ = {
			isa = XCBuildConfiguration;
			buildSettings = {
				ALWAYS_SEARCH_USER_PATHS = NO;
				CLANG_CXX_LANGUAGE_STANDARD = "gnu++0x";
				CLANG_CXX_LIBRARY = "libc++";
				CLANG_ENABLE_MODULES = YES;
				CLANG_ENABLE_OBJC_ARC = YES;
				CLANG_WARN_BOOL_CONVERSION = YES;
				CLANG_WARN_CONSTANT_CONVERSION = YES;
				CLANG_WARN_DIRECT_OBJC_ISA_USAGE = YES_ERROR;
				CLANG_WARN_EMPTY_BODY = YES;
				CLANG_WARN_ENUM_CONVERSION = YES;
				CLANG_WARN_INT_CONVERSION = YES;
				CLANG_WARN_OBJC_ROOT_CLASS = YES_ERROR;
				CLANG_WARN_UNREACHABLE_CODE = YES;
				CLANG_WARN__DUPLICATE_METHOD_MATCH = YES;
				"CODE_SIGN_IDENTITY[sdk=iphoneos*]" = "iPhone Developer";
				COPY_PHASE_STRIP = NO;
				DEBUG_INFORMATION_FORMAT = "dwarf-with-dsym";
				ENABLE_NS_ASSERTIONS = NO;
				ENABLE_STRICT_OBJC_MSGSEND = YES;
				GCC_C_LANGUAGE_STANDARD = gnu99;
				GCC_NO_COMMON_BLOCKS = YES;
				GCC_WARN_64_TO_32_BIT_CONVERSION = YES;
				GCC_WARN_ABOUT_RETURN_TYPE = YES_ERROR;
				GCC_WARN_UNDECLARED_SELECTOR = YES;
				GCC_WARN_UNINITIALIZED_AUTOS = YES_AGGRESSIVE;
				GCC_WARN_UNUSED_FUNCTION = YES;
				GCC_WARN_UNUSED_VARIABLE = YES;
				IPHONEOS_DEPLOYMENT_TARGET = 9.1;
				MTL_ENABLE_DEBUG_INFO = NO;
				SDKROOT = iphoneos;
				VALIDATE_PRODUCT = YES;
			};
			name = Release;
		};
		229B854D1BF75CB4002243D9 /* Debug */ = {
			isa = XCBuildConfiguration;
			buildSettings = {
				ASSETCATALOG_COMPILER_APPICON_NAME = AppIcon;
				CLANG_ENABLE_MODULES = YES;
				INFOPLIST_FILE = MyLocations/SupportFiles/Info.plist;
				LD_RUNPATH_SEARCH_PATHS = "$(inherited) @executable_path/Frameworks";
				PRODUCT_BUNDLE_IDENTIFIER = com.iyd.Issac.MyLocations;
				PRODUCT_NAME = "$(TARGET_NAME)";
				SWIFT_OBJC_BRIDGING_HEADER = "MyLocations/Codes/MyLocations-Bridging-Header.h";
				SWIFT_OPTIMIZATION_LEVEL = "-Onone";
			};
			name = Debug;
		};
		229B854E1BF75CB4002243D9 /* Release */ = {
			isa = XCBuildConfiguration;
			buildSettings = {
				ASSETCATALOG_COMPILER_APPICON_NAME = AppIcon;
				CLANG_ENABLE_MODULES = YES;
				INFOPLIST_FILE = MyLocations/SupportFiles/Info.plist;
				LD_RUNPATH_SEARCH_PATHS = "$(inherited) @executable_path/Frameworks";
				PRODUCT_BUNDLE_IDENTIFIER = com.iyd.Issac.MyLocations;
				PRODUCT_NAME = "$(TARGET_NAME)";
				SWIFT_OBJC_BRIDGING_HEADER = "MyLocations/Codes/MyLocations-Bridging-Header.h";
			};
			name = Release;
		};
/* End XCBuildConfiguration section */

/* Begin XCConfigurationList section */
		229B85331BF75CB4002243D9 /* Build configuration list for PBXProject "MyLocations" */ = {
			isa = XCConfigurationList;
			buildConfigurations = (
				229B854A1BF75CB4002243D9 /* Debug */,
				229B854B1BF75CB4002243D9 /* Release */,
			);
			defaultConfigurationIsVisible = 0;
			defaultConfigurationName = Release;
		};
		229B854C1BF75CB4002243D9 /* Build configuration list for PBXNativeTarget "MyLocations" */ = {
			isa = XCConfigurationList;
			buildConfigurations = (
				229B854D1BF75CB4002243D9 /* Debug */,
				229B854E1BF75CB4002243D9 /* Release */,
			);
			defaultConfigurationIsVisible = 0;
			defaultConfigurationName = Release;
		};
/* End XCConfigurationList section */

/* Begin XCVersionGroup section */
		22AA298E1BFCB8C300CB2C8A /* DataModel.xcdatamodeld */ = {
			isa = XCVersionGroup;
			children = (
				22AA298F1BFCB8C300CB2C8A /* DataModel.xcdatamodel */,
			);
			currentVersion = 22AA298F1BFCB8C300CB2C8A /* DataModel.xcdatamodel */;
			path = DataModel.xcdatamodeld;
			sourceTree = "<group>";
			versionGroupType = wrapper.xcdatamodel;
		};
/* End XCVersionGroup section */
	};
	rootObject = 229B85301BF75CB4002243D9 /* Project object */;
}
